
Microsoft Visual Studio Solution File, Format Version 12.00
# Visual Studio Version 16
VisualStudioVersion = 16.0.810.16
MinimumVisualStudioVersion = 10.0.40219.1
Project("{FAE04EC0-301F-11D3-BF4B-00C04F79EFBC}") = "FirstApp.iOS", "FirstApp.iOS\FirstApp.iOS.csproj", "{7DF6581C-1DEF-487A-A878-DDC65D4F141D}"
EndProject
Project("{FAE04EC0-301F-11D3-BF4B-00C04F79EFBC}") = "FirstApp", "FirstApp\FirstApp.csproj", "{04099C1C-19B9-423C-8258-1B0C22357638}"
EndProject
Global
	GlobalSection(SolutionConfigurationPlatforms) = preSolution
		Debug|iPhoneSimulator = Debug|iPhoneSimulator
		Release|iPhoneSimulator = Release|iPhoneSimulator
		Debug|iPhone = Debug|iPhone
		Release|iPhone = Release|iPhone
		Debug|Any CPU = Debug|Any CPU
		Release|Any CPU = Release|Any CPU
	EndGlobalSection
	GlobalSection(ProjectConfigurationPlatforms) = postSolution
		{7DF6581C-1DEF-487A-A878-DDC65D4F141D}.Debug|iPhoneSimulator.ActiveCfg = Debug|iPhoneSimulator
		{7DF6581C-1DEF-487A-A878-DDC65D4F141D}.Debug|iPhoneSimulator.Build.0 = Debug|iPhoneSimulator
		{7DF6581C-1DEF-487A-A878-DDC65D4F141D}.Release|iPhoneSimulator.ActiveCfg = Release|iPhoneSimulator
		{7DF6581C-1DEF-487A-A878-DDC65D4F141D}.Release|iPhoneSimulator.Build.0 = Release|iPhoneSimulator
		{7DF6581C-1DEF-487A-A878-DDC65D4F141D}.Debug|iPhone.ActiveCfg = Debug|iPhone
		{7DF6581C-1DEF-487A-A878-DDC65D4F141D}.Debug|iPhone.Build.0 = Debug|iPhone
		{7DF6581C-1DEF-487A-A878-DDC65D4F141D}.Release|iPhone.ActiveCfg = Release|iPhone
		{7DF6581C-1DEF-487A-A878-DDC65D4F141D}.Release|iPhone.Build.0 = Release|iPhone
		{7DF6581C-1DEF-487A-A878-DDC65D4F141D}.Debug|Any CPU.ActiveCfg = Debug|iPhoneSimulator
		{7DF6581C-1DEF-487A-A878-DDC65D4F141D}.Debug|Any CPU.Build.0 = Debug|iPhoneSimulator
		{7DF6581C-1DEF-487A-A878-DDC65D4F141D}.Release|Any CPU.ActiveCfg = Release|iPhoneSimulator
		{7DF6581C-1DEF-487A-A878-DDC65D4F141D}.Release|Any CPU.Build.0 = Release|iPhoneSimulator
		{04099C1C-19B9-423C-8258-1B0C22357638}.Debug|iPhoneSimulator.ActiveCfg = Debug|Any CPU
		{04099C1C-19B9-423C-8258-1B0C22357638}.Debug|iPhoneSimulator.Build.0 = Debug|Any CPU
		{04099C1C-19B9-423C-8258-1B0C22357638}.Release|iPhoneSimulator.ActiveCfg = Release|Any CPU
		{04099C1C-19B9-423C-8258-1B0C22357638}.Release|iPhoneSimulator.Build.0 = Release|Any CPU
		{04099C1C-19B9-423C-8258-1B0C22357638}.Debug|iPhone.ActiveCfg = Debug|Any CPU
		{04099C1C-19B9-423C-8258-1B0C22357638}.Debug|iPhone.Build.0 = Debug|Any CPU
		{04099C1C-19B9-423C-8258-1B0C22357638}.Release|iPhone.ActiveCfg = Release|Any CPU
		{04099C1C-19B9-423C-8258-1B0C22357638}.Release|iPhone.Build.0 = Release|Any CPU
		{04099C1C-19B9-423C-8258-1B0C22357638}.Debug|Any CPU.ActiveCfg = Debug|Any CPU
		{04099C1C-19B9-423C-8258-1B0C22357638}.Debug|Any CPU.Build.0 = Debug|Any CPU
		{04099C1C-19B9-423C-8258-1B0C22357638}.Release|Any CPU.ActiveCfg = Release|Any CPU
		{04099C1C-19B9-423C-8258-1B0C22357638}.Release|Any CPU.Build.0 = Release|Any CPU
	EndGlobalSection
	GlobalSection(SolutionProperties) = preSolution
		HideSolutionNode = FALSE
	EndGlobalSection
	GlobalSection(ExtensibilityGlobals) = postSolution
		SolutionGuid = {D430C300-2D93-4C9E-918E-F14894BA8E92}
	EndGlobalSection
EndGlobal
